
Microsoft Visual Studio Solution File, Format Version 12.00
# Visual Studio Version 16
VisualStudioVersion = 16.0.29613.14
MinimumVisualStudioVersion = 10.0.40219.1
Project("{FAE04EC0-301F-11D3-BF4B-00C04F79EFBC}") = "GLifeC", "GLifeC.csproj", "{2EFB790E-B55A-4237-9F50-67A124ED8D2B}"
EndProject
Global
	GlobalSection(SolutionConfigurationPlatforms) = preSolution
		Debug|Any CPU = Debug|Any CPU
		Release|Any CPU = Release|Any CPU
	EndGlobalSection
	GlobalSection(ProjectConfigurationPlatforms) = postSolution
		{2EFB790E-B55A-4237-9F50-67A124ED8D2B}.Debug|Any CPU.ActiveCfg = Debug|Any CPU
		{2EFB790E-B55A-4237-9F50-67A124ED8D2B}.Debug|Any CPU.Build.0 = Debug|Any CPU
		{2EFB790E-B55A-4237-9F50-67A124ED8D2B}.Release|Any CPU.ActiveCfg = Release|Any CPU
		{2EFB790E-B55A-4237-9F50-67A124ED8D2B}.Release|Any CPU.Build.0 = Release|Any CPU
	EndGlobalSection
	GlobalSection(SolutionProperties) = preSolution
		HideSolutionNode = FALSE
	EndGlobalSection
	GlobalSection(ExtensibilityGlobals) = postSolution
		SolutionGuid = {DEDFEDA9-6BFF-4F98-B809-4AE97A24E32F}
	EndGlobalSection
EndGlobal
